
Microsoft Visual Studio Solution File, Format Version 12.00
# Visual Studio Version 17
VisualStudioVersion = 17.2.32427.441
MinimumVisualStudioVersion = 10.0.40219.1
Project("{9A19103F-16F7-4668-BE54-9A1E7A4F7556}") = "TelBotApplication", "TelBotApplication\TelBotApplication.csproj", "{45354C72-9A8F-41F5-913F-468DF1E69C3A}"
EndProject
Project("{9A19103F-16F7-4668-BE54-9A1E7A4F7556}") = "TelBotApplication.Domain", "TelBotApplication.Domain\TelBotApplication.Domain.csproj", "{96DE1D3B-23C1-44DF-8B23-9DD2E59AE66B}"
EndProject
Project("{9A19103F-16F7-4668-BE54-9A1E7A4F7556}") = "TelBotApplication.Clients", "TelBotApplication.Clients\TelBotApplication.Clients.csproj", "{2A37369B-1C65-40E6-AED9-3709CECE1710}"
EndProject
Project("{9A19103F-16F7-4668-BE54-9A1E7A4F7556}") = "TelBotApplication.DAL", "TelBotApplication.DAL\TelBotApplication.DAL.csproj", "{C502D8EB-2CBD-4FFD-938D-1D1B6C5CB8E8}"
EndProject
Project("{9A19103F-16F7-4668-BE54-9A1E7A4F7556}") = "TelBotApplication.Filters", "TelBotApplication.Filters\TelBotApplication.Filters.csproj", "{0C06523B-EA53-4524-A026-F6DAD86E6633}"
EndProject
Project("{2150E333-8FDC-42A3-9474-1A3956D46DE8}") = "Solution Items", "Solution Items", "{167B2672-FC6A-4629-81F7-7FEC8870156A}"
	ProjectSection(SolutionItems) = preProject
		.editorconfig = .editorconfig
	EndProjectSection
EndProject
Global
	GlobalSection(SolutionConfigurationPlatforms) = preSolution
		Debug|Any CPU = Debug|Any CPU
		Release|Any CPU = Release|Any CPU
	EndGlobalSection
	GlobalSection(ProjectConfigurationPlatforms) = postSolution
		{45354C72-9A8F-41F5-913F-468DF1E69C3A}.Debug|Any CPU.ActiveCfg = Debug|Any CPU
		{45354C72-9A8F-41F5-913F-468DF1E69C3A}.Debug|Any CPU.Build.0 = Debug|Any CPU
		{45354C72-9A8F-41F5-913F-468DF1E69C3A}.Release|Any CPU.ActiveCfg = Release|Any CPU
		{45354C72-9A8F-41F5-913F-468DF1E69C3A}.Release|Any CPU.Build.0 = Release|Any CPU
		{96DE1D3B-23C1-44DF-8B23-9DD2E59AE66B}.Debug|Any CPU.ActiveCfg = Debug|Any CPU
		{96DE1D3B-23C1-44DF-8B23-9DD2E59AE66B}.Debug|Any CPU.Build.0 = Debug|Any CPU
		{96DE1D3B-23C1-44DF-8B23-9DD2E59AE66B}.Release|Any CPU.ActiveCfg = Release|Any CPU
		{96DE1D3B-23C1-44DF-8B23-9DD2E59AE66B}.Release|Any CPU.Build.0 = Release|Any CPU
		{2A37369B-1C65-40E6-AED9-3709CECE1710}.Debug|Any CPU.ActiveCfg = Debug|Any CPU
		{2A37369B-1C65-40E6-AED9-3709CECE1710}.Debug|Any CPU.Build.0 = Debug|Any CPU
		{2A37369B-1C65-40E6-AED9-3709CECE1710}.Release|Any CPU.ActiveCfg = Release|Any CPU
		{2A37369B-1C65-40E6-AED9-3709CECE1710}.Release|Any CPU.Build.0 = Release|Any CPU
		{C502D8EB-2CBD-4FFD-938D-1D1B6C5CB8E8}.Debug|Any CPU.ActiveCfg = Debug|Any CPU
		{C502D8EB-2CBD-4FFD-938D-1D1B6C5CB8E8}.Debug|Any CPU.Build.0 = Debug|Any CPU
		{C502D8EB-2CBD-4FFD-938D-1D1B6C5CB8E8}.Release|Any CPU.ActiveCfg = Release|Any CPU
		{C502D8EB-2CBD-4FFD-938D-1D1B6C5CB8E8}.Release|Any CPU.Build.0 = Release|Any CPU
		{0C06523B-EA53-4524-A026-F6DAD86E6633}.Debug|Any CPU.ActiveCfg = Debug|Any CPU
		{0C06523B-EA53-4524-A026-F6DAD86E6633}.Debug|Any CPU.Build.0 = Debug|Any CPU
		{0C06523B-EA53-4524-A026-F6DAD86E6633}.Release|Any CPU.ActiveCfg = Release|Any CPU
		{0C06523B-EA53-4524-A026-F6DAD86E6633}.Release|Any CPU.Build.0 = Release|Any CPU
	EndGlobalSection
	GlobalSection(SolutionProperties) = preSolution
		HideSolutionNode = FALSE
	EndGlobalSection
	GlobalSection(ExtensibilityGlobals) = postSolution
		SolutionGuid = {36B97796-ACE9-4343-9790-EAE926B08A53}
	EndGlobalSection
EndGlobal
